dependencies:
  example_init:
    dependencies: []
    source:
      path: /home/ludovic/esp/esp-idf/examples/bluetooth/esp_ble_mesh/common_components/example_init
      type: local
    version: '*'
  idf:
    source:
      type: idf
    version: 5.5.0
  joltwallet/littlefs:
    component_hash: fe3d04a59a4c370408b0e0b69d9096c06371b9ee12ad8e06b9d52ac63ab1570c
    dependencies:
    - name: idf
      require: private
      version: '>=5.0'
    source:
      registry_url: https://components.espressif.com/
      type: service
    version: 1.20.0
direct_dependencies:
- example_init
- joltwallet/littlefs
manifest_hash: 479d0db83beeea2012dd32217be3ef87835068a19906026f79b12e99440dec0c
target: esp32
version: 2.0.0
